name: Large text and additional text (read more button)
icon: title
wysiwyg: true        
fields:
  description:
    label: Introduction text
    placeholder: Introduction text …
    type: writer
    marks:
      - bold
      - italic
      - underline
      - strike
      - link
      - clear
    nodes: false
  text:
    label: Additional text
    placeholder: Additional text …
    type: writer
    marks:
      - bold
      - italic
      - underline
      - strike
      - link
      - clear
    nodes: false
    help: Adding text here will activate the "More info" button below the main text.